{
  "version": 4,
  "terraform_version": "1.0.8",
  "serial": 6,
  "lineage": "698b4e34-de28-4b93-4735-60b991dc80df",
  "outputs": {
    "all_topics": {
      "value": {
        "config": {
          "cleanup.policy": "compact"
        },
        "id": "_schemas",
        "name": "_schemas",
        "partitions": 1,
        "replication_factor": 1
      },
      "type": [
        "object",
        {
          "config": [
            "map",
            "string"
          ],
          "id": "string",
          "name": "string",
          "partitions": "number",
          "replication_factor": "number"
        }
      ]
    },
    "custom_topic": {
      "value": {
        "config": {
          "retention.ms": "10"
        },
        "id": "foo",
        "name": "foo",
        "partitions": 1,
        "replication_factor": 1
      },
      "type": [
        "object",
        {
          "config": [
            "map",
            "string"
          ],
          "id": "string",
          "name": "string",
          "partitions": "number",
          "replication_factor": "number"
        }
      ]
    }
  },
  "resources": [
    {
      "mode": "data",
      "type": "julieops_kafka_topic",
      "name": "all",
      "provider": "provider[\"purbon.com/com/julieops\"]",
      "instances": [
        {
          "schema_version": 0,
          "attributes": {
            "config": {
              "cleanup.policy": "compact"
            },
            "id": "_schemas",
            "name": "_schemas",
            "partitions": 1,
            "replication_factor": 1
          },
          "sensitive_attributes": []
        }
      ]
    },
    {
      "mode": "managed",
      "type": "julieops_kafka_topic",
      "name": "custom_topic",
      "provider": "provider[\"purbon.com/com/julieops\"]",
      "instances": [
        {
          "schema_version": 0,
          "attributes": {
            "config": {
              "retention.ms": "10"
            },
            "id": "foo",
            "name": "foo",
            "partitions": 1,
            "replication_factor": 1
          },
          "sensitive_attributes": [],
          "private": "bnVsbA=="
        }
      ]
    }
  ]
}
