{
  "version": 4,
  "terraform_version": "1.0.8",
  "serial": 2,
  "lineage": "75e0759a-78f6-afc6-448c-3ac2b08083eb",
  "outputs": {
    "all_topics": {
      "value": {
        "config": {
          "cleanup.policy": "compact",
          "compression.type": "producer",
          "confluent.key.schema.validation": "false",
          "confluent.key.subject.name.strategy": "io.confluent.kafka.serializers.subject.TopicNameStrategy",
          "confluent.placement.constraints": "",
          "confluent.prefer.tier.fetch.ms": "-1",
          "confluent.segment.speculative.prefetch.enable": "false",
          "confluent.tier.enable": "false",
          "confluent.tier.local.hotset.bytes": "-1",
          "confluent.tier.local.hotset.ms": "86400000",
          "confluent.tier.segment.hotset.roll.min.bytes": "104857600",
          "confluent.value.schema.validation": "false",
          "confluent.value.subject.name.strategy": "io.confluent.kafka.serializers.subject.TopicNameStrategy",
          "delete.retention.ms": "86400000",
          "file.delete.delay.ms": "60000",
          "flush.messages": "9223372036854775807",
          "flush.ms": "9223372036854775807",
          "follower.replication.throttled.replicas": "",
          "index.interval.bytes": "4096",
          "leader.replication.throttled.replicas": "",
          "max.compaction.lag.ms": "9223372036854775807",
          "max.message.bytes": "1048588",
          "message.downconversion.enable": "true",
          "message.format.version": "2.8-IV1",
          "message.timestamp.difference.max.ms": "9223372036854775807",
          "message.timestamp.type": "CreateTime",
          "min.cleanable.dirty.ratio": "0.5",
          "min.compaction.lag.ms": "0",
          "min.insync.replicas": "1",
          "preallocate": "false",
          "retention.bytes": "-1",
          "retention.ms": "604800000",
          "segment.bytes": "1073741824",
          "segment.index.bytes": "10485760",
          "segment.jitter.ms": "0",
          "segment.ms": "604800000",
          "unclean.leader.election.enable": "false"
        },
        "id": "1643638692",
        "name": "_schemas",
        "partitions": 1,
        "replication_factor": 1
      },
      "type": [
        "object",
        {
          "config": [
            "map",
            "string"
          ],
          "id": "string",
          "name": "string",
          "partitions": "number",
          "replication_factor": "number"
        }
      ]
    },
    "custom_topic": {
      "value": {
        "config": null,
        "id": "foo",
        "name": "foo",
        "partitions": 1,
        "replication_factor": 1
      },
      "type": [
        "object",
        {
          "config": [
            "map",
            "string"
          ],
          "id": "string",
          "name": "string",
          "partitions": "number",
          "replication_factor": "number"
        }
      ]
    }
  },
  "resources": [
    {
      "mode": "data",
      "type": "julieops_kafka_topic",
      "name": "all",
      "provider": "provider[\"purbon.com/com/julieops\"]",
      "instances": [
        {
          "schema_version": 0,
          "attributes": {
            "config": {
              "cleanup.policy": "compact",
              "compression.type": "producer",
              "confluent.key.schema.validation": "false",
              "confluent.key.subject.name.strategy": "io.confluent.kafka.serializers.subject.TopicNameStrategy",
              "confluent.placement.constraints": "",
              "confluent.prefer.tier.fetch.ms": "-1",
              "confluent.segment.speculative.prefetch.enable": "false",
              "confluent.tier.enable": "false",
              "confluent.tier.local.hotset.bytes": "-1",
              "confluent.tier.local.hotset.ms": "86400000",
              "confluent.tier.segment.hotset.roll.min.bytes": "104857600",
              "confluent.value.schema.validation": "false",
              "confluent.value.subject.name.strategy": "io.confluent.kafka.serializers.subject.TopicNameStrategy",
              "delete.retention.ms": "86400000",
              "file.delete.delay.ms": "60000",
              "flush.messages": "9223372036854775807",
              "flush.ms": "9223372036854775807",
              "follower.replication.throttled.replicas": "",
              "index.interval.bytes": "4096",
              "leader.replication.throttled.replicas": "",
              "max.compaction.lag.ms": "9223372036854775807",
              "max.message.bytes": "1048588",
              "message.downconversion.enable": "true",
              "message.format.version": "2.8-IV1",
              "message.timestamp.difference.max.ms": "9223372036854775807",
              "message.timestamp.type": "CreateTime",
              "min.cleanable.dirty.ratio": "0.5",
              "min.compaction.lag.ms": "0",
              "min.insync.replicas": "1",
              "preallocate": "false",
              "retention.bytes": "-1",
              "retention.ms": "604800000",
              "segment.bytes": "1073741824",
              "segment.index.bytes": "10485760",
              "segment.jitter.ms": "0",
              "segment.ms": "604800000",
              "unclean.leader.election.enable": "false"
            },
            "id": "1643638692",
            "name": "_schemas",
            "partitions": 1,
            "replication_factor": 1
          },
          "sensitive_attributes": []
        }
      ]
    },
    {
      "mode": "managed",
      "type": "julieops_kafka_topic",
      "name": "custom_topic",
      "provider": "provider[\"purbon.com/com/julieops\"]",
      "instances": [
        {
          "schema_version": 0,
          "attributes": {
            "config": null,
            "id": "foo",
            "name": "foo",
            "partitions": 1,
            "replication_factor": 1
          },
          "sensitive_attributes": [],
          "private": "bnVsbA=="
        }
      ]
    }
  ]
}
